// !$*UTF8*$!
{
	archiveVersion = 1;
	classes = {
	};
	objectVersion = 56;
	objects = {

/* Begin PBXBuildFile section */
		6F7BB8812BECFB2100DB9526 /* HomeViewController.swift in Sources */ = {isa = PBXBuildFile; fileRef = 6F7BB8802BECFB2100DB9526 /* HomeViewController.swift */; };
		6F7BB8832BECFCA800DB9526 /* MarketViewController.swift in Sources */ = {isa = PBXBuildFile; fileRef = 6F7BB8822BECFCA800DB9526 /* MarketViewController.swift */; };
		6F7BB8852BECFD0000DB9526 /* ExchangeViewController.swift in Sources */ = {isa = PBXBuildFile; fileRef = 6F7BB8842BECFD0000DB9526 /* ExchangeViewController.swift */; };
		6F7BB8872BECFD5B00DB9526 /* WalletsViewController.swift in Sources */ = {isa = PBXBuildFile; fileRef = 6F7BB8862BECFD5B00DB9526 /* WalletsViewController.swift */; };
		6FCB4A762BEC5BF100E1DD95 /* AppDelegate.swift in Sources */ = {isa = PBXBuildFile; fileRef = 6FCB4A752BEC5BF100E1DD95 /* AppDelegate.swift */; };
		6FCB4A782BEC5BF100E1DD95 /* SceneDelegate.swift in Sources */ = {isa = PBXBuildFile; fileRef = 6FCB4A772BEC5BF100E1DD95 /* SceneDelegate.swift */; };
		6FCB4A7A2BEC5BF100E1DD95 /* MainTabBarViewController.swift in Sources */ = {isa = PBXBuildFile; fileRef = 6FCB4A792BEC5BF100E1DD95 /* MainTabBarViewController.swift */; };
		6FCB4A7F2BEC5BF500E1DD95 /* Assets.xcassets in Resources */ = {isa = PBXBuildFile; fileRef = 6FCB4A7E2BEC5BF500E1DD95 /* Assets.xcassets */; };
		6FCB4A822BEC5BF500E1DD95 /* Base in Resources */ = {isa = PBXBuildFile; fileRef = 6FCB4A812BEC5BF500E1DD95 /* Base */; };
		6FCB4A8F2BEC655400E1DD95 /* Constants.swift in Sources */ = {isa = PBXBuildFile; fileRef = 6FCB4A8E2BEC655400E1DD95 /* Constants.swift */; };
/* End PBXBuildFile section */

/* Begin PBXFileReference section */
		6F7BB8802BECFB2100DB9526 /* HomeViewController.swift */ = {isa = PBXFileReference; lastKnownFileType = sourcecode.swift; path = HomeViewController.swift; sourceTree = "<group>"; };
		6F7BB8822BECFCA800DB9526 /* MarketViewController.swift */ = {isa = PBXFileReference; lastKnownFileType = sourcecode.swift; path = MarketViewController.swift; sourceTree = "<group>"; };
		6F7BB8842BECFD0000DB9526 /* ExchangeViewController.swift */ = {isa = PBXFileReference; lastKnownFileType = sourcecode.swift; path = ExchangeViewController.swift; sourceTree = "<group>"; };
		6F7BB8862BECFD5B00DB9526 /* WalletsViewController.swift */ = {isa = PBXFileReference; lastKnownFileType = sourcecode.swift; path = WalletsViewController.swift; sourceTree = "<group>"; };
		6FCB4A722BEC5BF100E1DD95 /* NomikCrypto.app */ = {isa = PBXFileReference; explicitFileType = wrapper.application; includeInIndex = 0; path = NomikCrypto.app; sourceTree = BUILT_PRODUCTS_DIR; };
		6FCB4A752BEC5BF100E1DD95 /* AppDelegate.swift */ = {isa = PBXFileReference; lastKnownFileType = sourcecode.swift; path = AppDelegate.swift; sourceTree = "<group>"; };
		6FCB4A772BEC5BF100E1DD95 /* SceneDelegate.swift */ = {isa = PBXFileReference; lastKnownFileType = sourcecode.swift; path = SceneDelegate.swift; sourceTree = "<group>"; };
		6FCB4A792BEC5BF100E1DD95 /* MainTabBarViewController.swift */ = {isa = PBXFileReference; lastKnownFileType = sourcecode.swift; path = MainTabBarViewController.swift; sourceTree = "<group>"; };
		6FCB4A7E2BEC5BF500E1DD95 /* Assets.xcassets */ = {isa = PBXFileReference; lastKnownFileType = folder.assetcatalog; path = Assets.xcassets; sourceTree = "<group>"; };
		6FCB4A812BEC5BF500E1DD95 /* Base */ = {isa = PBXFileReference; lastKnownFileType = file.storyboard; name = Base; path = Base.lproj/LaunchScreen.storyboard; sourceTree = "<group>"; };
		6FCB4A832BEC5BF500E1DD95 /* Info.plist */ = {isa = PBXFileReference; lastKnownFileType = text.plist.xml; path = Info.plist; sourceTree = "<group>"; };
		6FCB4A8E2BEC655400E1DD95 /* Constants.swift */ = {isa = PBXFileReference; lastKnownFileType = sourcecode.swift; path = Constants.swift; sourceTree = "<group>"; };
/* End PBXFileReference section */

/* Begin PBXFrameworksBuildPhase section */
		6FCB4A6F2BEC5BF100E1DD95 /* Frameworks */ = {
			isa = PBXFrameworksBuildPhase;
			buildActionMask = 2147483647;
			files = (
			);
			runOnlyForDeploymentPostprocessing = 0;
		};
/* End PBXFrameworksBuildPhase section */

/* Begin PBXGroup section */
		6FCB4A692BEC5BF100E1DD95 = {
			isa = PBXGroup;
			children = (
				6FCB4A742BEC5BF100E1DD95 /* NomikCrypto */,
				6FCB4A732BEC5BF100E1DD95 /* Products */,
			);
			sourceTree = "<group>";
		};
		6FCB4A732BEC5BF100E1DD95 /* Products */ = {
			isa = PBXGroup;
			children = (
				6FCB4A722BEC5BF100E1DD95 /* NomikCrypto.app */,
			);
			name = Products;
			sourceTree = "<group>";
		};
		6FCB4A742BEC5BF100E1DD95 /* NomikCrypto */ = {
			isa = PBXGroup;
			children = (
				6FCB4A8A2BEC5CC100E1DD95 /* Supports */,
				6FCB4A8B2BEC5CEE00E1DD95 /* Models */,
				6FCB4A8D2BEC5D1900E1DD95 /* Views */,
				6FCB4A8C2BEC5D0A00E1DD95 /* ViewModels */,
				6FCB4A892BEC5CAB00E1DD95 /* Controllers */,
				6FCB4A832BEC5BF500E1DD95 /* Info.plist */,
			);
			path = NomikCrypto;
			sourceTree = "<group>";
		};
		6FCB4A892BEC5CAB00E1DD95 /* Controllers */ = {
			isa = PBXGroup;
			children = (
				6FCB4A792BEC5BF100E1DD95 /* MainTabBarViewController.swift */,
				6F7BB8802BECFB2100DB9526 /* HomeViewController.swift */,
				6F7BB8822BECFCA800DB9526 /* MarketViewController.swift */,
				6F7BB8842BECFD0000DB9526 /* ExchangeViewController.swift */,
				6F7BB8862BECFD5B00DB9526 /* WalletsViewController.swift */,
			);
			path = Controllers;
			sourceTree = "<group>";
		};
		6FCB4A8A2BEC5CC100E1DD95 /* Supports */ = {
			isa = PBXGroup;
			children = (
				6FCB4A752BEC5BF100E1DD95 /* AppDelegate.swift */,
				6FCB4A772BEC5BF100E1DD95 /* SceneDelegate.swift */,
				6FCB4A7E2BEC5BF500E1DD95 /* Assets.xcassets */,
				6FCB4A802BEC5BF500E1DD95 /* LaunchScreen.storyboard */,
				6FCB4A8E2BEC655400E1DD95 /* Constants.swift */,
			);
			path = Supports;
			sourceTree = "<group>";
		};
		6FCB4A8B2BEC5CEE00E1DD95 /* Models */ = {
			isa = PBXGroup;
			children = (
			);
			path = Models;
			sourceTree = "<group>";
		};
		6FCB4A8C2BEC5D0A00E1DD95 /* ViewModels */ = {
			isa = PBXGroup;
			children = (
			);
			path = ViewModels;
			sourceTree = "<group>";
		};
		6FCB4A8D2BEC5D1900E1DD95 /* Views */ = {
			isa = PBXGroup;
			children = (
			);
			path = Views;
			sourceTree = "<group>";
		};
/* End PBXGroup section */

/* Begin PBXNativeTarget section */
		6FCB4A712BEC5BF100E1DD95 /* NomikCrypto */ = {
			isa = PBXNativeTarget;
			buildConfigurationList = 6FCB4A862BEC5BF500E1DD95 /* Build configuration list for PBXNativeTarget "NomikCrypto" */;
			buildPhases = (
				6FCB4A6E2BEC5BF100E1DD95 /* Sources */,
				6FCB4A6F2BEC5BF100E1DD95 /* Frameworks */,
				6FCB4A702BEC5BF100E1DD95 /* Resources */,
			);
			buildRules = (
			);
			dependencies = (
			);
			name = NomikCrypto;
			productName = NomikCrypto;
			productReference = 6FCB4A722BEC5BF100E1DD95 /* NomikCrypto.app */;
			productType = "com.apple.product-type.application";
		};
/* End PBXNativeTarget section */

/* Begin PBXProject section */
		6FCB4A6A2BEC5BF100E1DD95 /* Project object */ = {
			isa = PBXProject;
			attributes = {
				BuildIndependentTargetsInParallel = 1;
				LastSwiftUpdateCheck = 1530;
				LastUpgradeCheck = 1530;
				TargetAttributes = {
					6FCB4A712BEC5BF100E1DD95 = {
						CreatedOnToolsVersion = 15.3;
					};
				};
			};
			buildConfigurationList = 6FCB4A6D2BEC5BF100E1DD95 /* Build configuration list for PBXProject "NomikCrypto" */;
			compatibilityVersion = "Xcode 14.0";
			developmentRegion = en;
			hasScannedForEncodings = 0;
			knownRegions = (
				en,
				Base,
			);
			mainGroup = 6FCB4A692BEC5BF100E1DD95;
			productRefGroup = 6FCB4A732BEC5BF100E1DD95 /* Products */;
			projectDirPath = "";
			projectRoot = "";
			targets = (
				6FCB4A712BEC5BF100E1DD95 /* NomikCrypto */,
			);
		};
/* End PBXProject section */

/* Begin PBXResourcesBuildPhase section */
		6FCB4A702BEC5BF100E1DD95 /* Resources */ = {
			isa = PBXResourcesBuildPhase;
			buildActionMask = 2147483647;
			files = (
				6FCB4A7F2BEC5BF500E1DD95 /* Assets.xcassets in Resources */,
				6FCB4A822BEC5BF500E1DD95 /* Base in Resources */,
			);
			runOnlyForDeploymentPostprocessing = 0;
		};
/* End PBXResourcesBuildPhase section */

/* Begin PBXSourcesBuildPhase section */
		6FCB4A6E2BEC5BF100E1DD95 /* Sources */ = {
			isa = PBXSourcesBuildPhase;
			buildActionMask = 2147483647;
			files = (
				6F7BB8812BECFB2100DB9526 /* HomeViewController.swift in Sources */,
				6F7BB8872BECFD5B00DB9526 /* WalletsViewController.swift in Sources */,
				6FCB4A7A2BEC5BF100E1DD95 /* MainTabBarViewController.swift in Sources */,
				6F7BB8852BECFD0000DB9526 /* ExchangeViewController.swift in Sources */,
				6FCB4A762BEC5BF100E1DD95 /* AppDelegate.swift in Sources */,
				6FCB4A782BEC5BF100E1DD95 /* SceneDelegate.swift in Sources */,
				6F7BB8832BECFCA800DB9526 /* MarketViewController.swift in Sources */,
				6FCB4A8F2BEC655400E1DD95 /* Constants.swift in Sources */,
			);
			runOnlyForDeploymentPostprocessing = 0;
		};
/* End PBXSourcesBuildPhase section */

/* Begin PBXVariantGroup section */
		6FCB4A802BEC5BF500E1DD95 /* LaunchScreen.storyboard */ = {
			isa = PBXVariantGroup;
			children = (
				6FCB4A812BEC5BF500E1DD95 /* Base */,
			);
			name = LaunchScreen.storyboard;
			sourceTree = "<group>";
		};
/* End PBXVariantGroup section */

/* Begin XCBuildConfiguration section */
		6FCB4A842BEC5BF500E1DD95 /* Debug */ = {
			isa = XCBuildConfiguration;
			buildSettings = {
				ALWAYS_SEARCH_USER_PATHS = NO;
				ASSETCATALOG_COMPILER_GENERATE_SWIFT_ASSET_SYMBOL_EXTENSIONS = YES;
				CLANG_ANALYZER_NONNULL = YES;
				CLANG_ANALYZER_NUMBER_OBJECT_CONVERSION = YES_AGGRESSIVE;
				CLANG_CXX_LANGUAGE_STANDARD = "gnu++20";
				CLANG_ENABLE_MODULES = YES;
				CLANG_ENABLE_OBJC_ARC = YES;
				CLANG_ENABLE_OBJC_WEAK = YES;
				CLANG_WARN_BLOCK_CAPTURE_AUTORELEASING = YES;
				CLANG_WARN_BOOL_CONVERSION = YES;
				CLANG_WARN_COMMA = YES;
				CLANG_WARN_CONSTANT_CONVERSION = YES;
				CLANG_WARN_DEPRECATED_OBJC_IMPLEMENTATIONS = YES;
				CLANG_WARN_DIRECT_OBJC_ISA_USAGE = YES_ERROR;
				CLANG_WARN_DOCUMENTATION_COMMENTS = YES;
				CLANG_WARN_EMPTY_BODY = YES;
				CLANG_WARN_ENUM_CONVERSION = YES;
				CLANG_WARN_INFINITE_RECURSION = YES;
				CLANG_WARN_INT_CONVERSION = YES;
				CLANG_WARN_NON_LITERAL_NULL_CONVERSION = YES;
				CLANG_WARN_OBJC_IMPLICIT_RETAIN_SELF = YES;
				CLANG_WARN_OBJC_LITERAL_CONVERSION = YES;
				CLANG_WARN_OBJC_ROOT_CLASS = YES_ERROR;
				CLANG_WARN_QUOTED_INCLUDE_IN_FRAMEWORK_HEADER = YES;
				CLANG_WARN_RANGE_LOOP_ANALYSIS = YES;
				CLANG_WARN_STRICT_PROTOTYPES = YES;
				CLANG_WARN_SUSPICIOUS_MOVE = YES;
				CLANG_WARN_UNGUARDED_AVAILABILITY = YES_AGGRESSIVE;
				CLANG_WARN_UNREACHABLE_CODE = YES;
				CLANG_WARN__DUPLICATE_METHOD_MATCH = YES;
				COPY_PHASE_STRIP = NO;
				DEBUG_INFORMATION_FORMAT = dwarf;
				ENABLE_STRICT_OBJC_MSGSEND = YES;
				ENABLE_TESTABILITY = YES;
				ENABLE_USER_SCRIPT_SANDBOXING = YES;
				GCC_C_LANGUAGE_STANDARD = gnu17;
				GCC_DYNAMIC_NO_PIC = NO;
				GCC_NO_COMMON_BLOCKS = YES;
				GCC_OPTIMIZATION_LEVEL = 0;
				GCC_PREPROCESSOR_DEFINITIONS = (
					"DEBUG=1",
					"$(inherited)",
				);
				GCC_WARN_64_TO_32_BIT_CONVERSION = YES;
				GCC_WARN_ABOUT_RETURN_TYPE = YES_ERROR;
				GCC_WARN_UNDECLARED_SELECTOR = YES;
				GCC_WARN_UNINITIALIZED_AUTOS = YES_AGGRESSIVE;
				GCC_WARN_UNUSED_FUNCTION = YES;
				GCC_WARN_UNUSED_VARIABLE = YES;
				IPHONEOS_DEPLOYMENT_TARGET = 17.4;
				LOCALIZATION_PREFERS_STRING_CATALOGS = YES;
				MTL_ENABLE_DEBUG_INFO = INCLUDE_SOURCE;
				MTL_FAST_MATH = YES;
				ONLY_ACTIVE_ARCH = YES;
				SDKROOT = iphoneos;
				SWIFT_ACTIVE_COMPILATION_CONDITIONS = "DEBUG $(inherited)";
				SWIFT_OPTIMIZATION_LEVEL = "-Onone";
			};
			name = Debug;
		};
		6FCB4A852BEC5BF500E1DD95 /* Release */ = {
			isa = XCBuildConfiguration;
			buildSettings = {
				ALWAYS_SEARCH_USER_PATHS = NO;
				ASSETCATALOG_COMPILER_GENERATE_SWIFT_ASSET_SYMBOL_EXTENSIONS = YES;
				CLANG_ANALYZER_NONNULL = YES;
				CLANG_ANALYZER_NUMBER_OBJECT_CONVERSION = YES_AGGRESSIVE;
				CLANG_CXX_LANGUAGE_STANDARD = "gnu++20";
				CLANG_ENABLE_MODULES = YES;
				CLANG_ENABLE_OBJC_ARC = YES;
				CLANG_ENABLE_OBJC_WEAK = YES;
				CLANG_WARN_BLOCK_CAPTURE_AUTORELEASING = YES;
				CLANG_WARN_BOOL_CONVERSION = YES;
				CLANG_WARN_COMMA = YES;
				CLANG_WARN_CONSTANT_CONVERSION = YES;
				CLANG_WARN_DEPRECATED_OBJC_IMPLEMENTATIONS = YES;
				CLANG_WARN_DIRECT_OBJC_ISA_USAGE = YES_ERROR;
				CLANG_WARN_DOCUMENTATION_COMMENTS = YES;
				CLANG_WARN_EMPTY_BODY = YES;
				CLANG_WARN_ENUM_CONVERSION = YES;
				CLANG_WARN_INFINITE_RECURSION = YES;
				CLANG_WARN_INT_CONVERSION = YES;
				CLANG_WARN_NON_LITERAL_NULL_CONVERSION = YES;
				CLANG_WARN_OBJC_IMPLICIT_RETAIN_SELF = YES;
				CLANG_WARN_OBJC_LITERAL_CONVERSION = YES;
				CLANG_WARN_OBJC_ROOT_CLASS = YES_ERROR;
				CLANG_WARN_QUOTED_INCLUDE_IN_FRAMEWORK_HEADER = YES;
				CLANG_WARN_RANGE_LOOP_ANALYSIS = YES;
				CLANG_WARN_STRICT_PROTOTYPES = YES;
				CLANG_WARN_SUSPICIOUS_MOVE = YES;
				CLANG_WARN_UNGUARDED_AVAILABILITY = YES_AGGRESSIVE;
				CLANG_WARN_UNREACHABLE_CODE = YES;
				CLANG_WARN__DUPLICATE_METHOD_MATCH = YES;
				COPY_PHASE_STRIP = NO;
				DEBUG_INFORMATION_FORMAT = "dwarf-with-dsym";
				ENABLE_NS_ASSERTIONS = NO;
				ENABLE_STRICT_OBJC_MSGSEND = YES;
				ENABLE_USER_SCRIPT_SANDBOXING = YES;
				GCC_C_LANGUAGE_STANDARD = gnu17;
				GCC_NO_COMMON_BLOCKS = YES;
				GCC_WARN_64_TO_32_BIT_CONVERSION = YES;
				GCC_WARN_ABOUT_RETURN_TYPE = YES_ERROR;
				GCC_WARN_UNDECLARED_SELECTOR = YES;
				GCC_WARN_UNINITIALIZED_AUTOS = YES_AGGRESSIVE;
				GCC_WARN_UNUSED_FUNCTION = YES;
				GCC_WARN_UNUSED_VARIABLE = YES;
				IPHONEOS_DEPLOYMENT_TARGET = 17.4;
				LOCALIZATION_PREFERS_STRING_CATALOGS = YES;
				MTL_ENABLE_DEBUG_INFO = NO;
				MTL_FAST_MATH = YES;
				SDKROOT = iphoneos;
				SWIFT_COMPILATION_MODE = wholemodule;
				VALIDATE_PRODUCT = YES;
			};
			name = Release;
		};
		6FCB4A872BEC5BF500E1DD95 /* Debug */ = {
			isa = XCBuildConfiguration;
			buildSettings = {
				ASSETCATALOG_COMPILER_APPICON_NAME = AppIcon;
				ASSETCATALOG_COMPILER_GLOBAL_ACCENT_COLOR_NAME = AccentColor;
				CODE_SIGN_STYLE = Automatic;
				CURRENT_PROJECT_VERSION = 1;
				DEVELOPMENT_TEAM = R47YA6WR5Y;
				GENERATE_INFOPLIST_FILE = YES;
				INFOPLIST_FILE = NomikCrypto/Info.plist;
				INFOPLIST_KEY_UIApplicationSupportsIndirectInputEvents = YES;
				INFOPLIST_KEY_UILaunchStoryboardName = LaunchScreen;
				INFOPLIST_KEY_UISupportedInterfaceOrientations_iPad = "UIInterfaceOrientationPortrait UIInterfaceOrientationPortraitUpsideDown UIInterfaceOrientationLandscapeLeft UIInterfaceOrientationLandscapeRight";
				INFOPLIST_KEY_UISupportedInterfaceOrientations_iPhone = "UIInterfaceOrientationPortrait UIInterfaceOrientationLandscapeLeft UIInterfaceOrientationLandscapeRight";
				LD_RUNPATH_SEARCH_PATHS = (
					"$(inherited)",
					"@executable_path/Frameworks",
				);
				MARKETING_VERSION = 1.0;
				PRODUCT_BUNDLE_IDENTIFIER = nomikPlan.NomikCrypto;
				PRODUCT_NAME = "$(TARGET_NAME)";
				SWIFT_EMIT_LOC_STRINGS = YES;
				SWIFT_VERSION = 5.0;
				TARGETED_DEVICE_FAMILY = "1,2";
			};
			name = Debug;
		};
		6FCB4A882BEC5BF500E1DD95 /* Release */ = {
			isa = XCBuildConfiguration;
			buildSettings = {
				ASSETCATALOG_COMPILER_APPICON_NAME = AppIcon;
				ASSETCATALOG_COMPILER_GLOBAL_ACCENT_COLOR_NAME = AccentColor;
				CODE_SIGN_STYLE = Automatic;
				CURRENT_PROJECT_VERSION = 1;
				DEVELOPMENT_TEAM = R47YA6WR5Y;
				GENERATE_INFOPLIST_FILE = YES;
				INFOPLIST_FILE = NomikCrypto/Info.plist;
				INFOPLIST_KEY_UIApplicationSupportsIndirectInputEvents = YES;
				INFOPLIST_KEY_UILaunchStoryboardName = LaunchScreen;
				INFOPLIST_KEY_UISupportedInterfaceOrientations_iPad = "UIInterfaceOrientationPortrait UIInterfaceOrientationPortraitUpsideDown UIInterfaceOrientationLandscapeLeft UIInterfaceOrientationLandscapeRight";
				INFOPLIST_KEY_UISupportedInterfaceOrientations_iPhone = "UIInterfaceOrientationPortrait UIInterfaceOrientationLandscapeLeft UIInterfaceOrientationLandscapeRight";
				LD_RUNPATH_SEARCH_PATHS = (
					"$(inherited)",
					"@executable_path/Frameworks",
				);
				MARKETING_VERSION = 1.0;
				PRODUCT_BUNDLE_IDENTIFIER = nomikPlan.NomikCrypto;
				PRODUCT_NAME = "$(TARGET_NAME)";
				SWIFT_EMIT_LOC_STRINGS = YES;
				SWIFT_VERSION = 5.0;
				TARGETED_DEVICE_FAMILY = "1,2";
			};
			name = Release;
		};
/* End XCBuildConfiguration section */

/* Begin XCConfigurationList section */
		6FCB4A6D2BEC5BF100E1DD95 /* Build configuration list for PBXProject "NomikCrypto" */ = {
			isa = XCConfigurationList;
			buildConfigurations = (
				6FCB4A842BEC5BF500E1DD95 /* Debug */,
				6FCB4A852BEC5BF500E1DD95 /* Release */,
			);
			defaultConfigurationIsVisible = 0;
			defaultConfigurationName = Release;
		};
		6FCB4A862BEC5BF500E1DD95 /* Build configuration list for PBXNativeTarget "NomikCrypto" */ = {
			isa = XCConfigurationList;
			buildConfigurations = (
				6FCB4A872BEC5BF500E1DD95 /* Debug */,
				6FCB4A882BEC5BF500E1DD95 /* Release */,
			);
			defaultConfigurationIsVisible = 0;
			defaultConfigurationName = Release;
		};
/* End XCConfigurationList section */
	};
	rootObject = 6FCB4A6A2BEC5BF100E1DD95 /* Project object */;
}
